
Microsoft Visual Studio Solution File, Format Version 12.00
# Visual Studio Version 16
VisualStudioVersion = 16.0.30611.23
MinimumVisualStudioVersion = 10.0.40219.1
Project("{FAE04EC0-301F-11D3-BF4B-00C04F79EFBC}") = "WebApiDePrueba", "WebApiDePrueba\WebApiDePrueba.csproj", "{2709403A-9100-4263-AB83-D349742A46D9}"
EndProject
Global
	GlobalSection(SolutionConfigurationPlatforms) = preSolution
		Debug|Any CPU = Debug|Any CPU
		Release|Any CPU = Release|Any CPU
	EndGlobalSection
	GlobalSection(ProjectConfigurationPlatforms) = postSolution
		{2709403A-9100-4263-AB83-D349742A46D9}.Debug|Any CPU.ActiveCfg = Debug|Any CPU
		{2709403A-9100-4263-AB83-D349742A46D9}.Debug|Any CPU.Build.0 = Debug|Any CPU
		{2709403A-9100-4263-AB83-D349742A46D9}.Release|Any CPU.ActiveCfg = Release|Any CPU
		{2709403A-9100-4263-AB83-D349742A46D9}.Release|Any CPU.Build.0 = Release|Any CPU
	EndGlobalSection
	GlobalSection(SolutionProperties) = preSolution
		HideSolutionNode = FALSE
	EndGlobalSection
	GlobalSection(ExtensibilityGlobals) = postSolution
		SolutionGuid = {6E88BB14-CAA2-4CA0-83D2-2C257716E077}
	EndGlobalSection
EndGlobal
